
Microsoft Visual Studio Solution File, Format Version 12.00
# Visual Studio Version 17
VisualStudioVersion = 17.0.32112.339
MinimumVisualStudioVersion = 10.0.40219.1
Project("{9A19103F-16F7-4668-BE54-9A1E7A4F7556}") = "Project.Core", "Project.Core\Project.Core.csproj", "{2693909A-C6C0-4A28-A45F-84D6AB9FA64A}"
EndProject
Project("{9A19103F-16F7-4668-BE54-9A1E7A4F7556}") = "Project.Repository", "Project.Repository\Project.Repository.csproj", "{9EA6DB26-BB73-42C0-B9D8-45A902A7B318}"
EndProject
Project("{9A19103F-16F7-4668-BE54-9A1E7A4F7556}") = "Project.Service", "Project.Service\Project.Service.csproj", "{7909E404-6A6F-4ADE-9564-19078CE66039}"
EndProject
Project("{9A19103F-16F7-4668-BE54-9A1E7A4F7556}") = "Project.API", "Project.API\Project.API.csproj", "{BF858AC2-C647-485E-9632-BAC3EE70D0A8}"
EndProject
Project("{9A19103F-16F7-4668-BE54-9A1E7A4F7556}") = "Project.Caching", "Project.Caching\Project.Caching.csproj", "{6DA14B1F-EB7F-4224-9156-8AD2EF16E807}"
EndProject
Project("{FAE04EC0-301F-11D3-BF4B-00C04F79EFBC}") = "Project.WEBUI", "Project.WEBUI\Project.WEBUI.csproj", "{3A69858D-09B5-4F7B-809F-8611BEC23E16}"
EndProject
Global
	GlobalSection(SolutionConfigurationPlatforms) = preSolution
		Debug|Any CPU = Debug|Any CPU
		Release|Any CPU = Release|Any CPU
	EndGlobalSection
	GlobalSection(ProjectConfigurationPlatforms) = postSolution
		{2693909A-C6C0-4A28-A45F-84D6AB9FA64A}.Debug|Any CPU.ActiveCfg = Debug|Any CPU
		{2693909A-C6C0-4A28-A45F-84D6AB9FA64A}.Debug|Any CPU.Build.0 = Debug|Any CPU
		{2693909A-C6C0-4A28-A45F-84D6AB9FA64A}.Release|Any CPU.ActiveCfg = Release|Any CPU
		{2693909A-C6C0-4A28-A45F-84D6AB9FA64A}.Release|Any CPU.Build.0 = Release|Any CPU
		{9EA6DB26-BB73-42C0-B9D8-45A902A7B318}.Debug|Any CPU.ActiveCfg = Debug|Any CPU
		{9EA6DB26-BB73-42C0-B9D8-45A902A7B318}.Debug|Any CPU.Build.0 = Debug|Any CPU
		{9EA6DB26-BB73-42C0-B9D8-45A902A7B318}.Release|Any CPU.ActiveCfg = Release|Any CPU
		{9EA6DB26-BB73-42C0-B9D8-45A902A7B318}.Release|Any CPU.Build.0 = Release|Any CPU
		{7909E404-6A6F-4ADE-9564-19078CE66039}.Debug|Any CPU.ActiveCfg = Debug|Any CPU
		{7909E404-6A6F-4ADE-9564-19078CE66039}.Debug|Any CPU.Build.0 = Debug|Any CPU
		{7909E404-6A6F-4ADE-9564-19078CE66039}.Release|Any CPU.ActiveCfg = Release|Any CPU
		{7909E404-6A6F-4ADE-9564-19078CE66039}.Release|Any CPU.Build.0 = Release|Any CPU
		{BF858AC2-C647-485E-9632-BAC3EE70D0A8}.Debug|Any CPU.ActiveCfg = Debug|Any CPU
		{BF858AC2-C647-485E-9632-BAC3EE70D0A8}.Debug|Any CPU.Build.0 = Debug|Any CPU
		{BF858AC2-C647-485E-9632-BAC3EE70D0A8}.Release|Any CPU.ActiveCfg = Release|Any CPU
		{BF858AC2-C647-485E-9632-BAC3EE70D0A8}.Release|Any CPU.Build.0 = Release|Any CPU
		{6DA14B1F-EB7F-4224-9156-8AD2EF16E807}.Debug|Any CPU.ActiveCfg = Debug|Any CPU
		{6DA14B1F-EB7F-4224-9156-8AD2EF16E807}.Debug|Any CPU.Build.0 = Debug|Any CPU
		{6DA14B1F-EB7F-4224-9156-8AD2EF16E807}.Release|Any CPU.ActiveCfg = Release|Any CPU
		{6DA14B1F-EB7F-4224-9156-8AD2EF16E807}.Release|Any CPU.Build.0 = Release|Any CPU
		{3A69858D-09B5-4F7B-809F-8611BEC23E16}.Debug|Any CPU.ActiveCfg = Debug|Any CPU
		{3A69858D-09B5-4F7B-809F-8611BEC23E16}.Debug|Any CPU.Build.0 = Debug|Any CPU
		{3A69858D-09B5-4F7B-809F-8611BEC23E16}.Release|Any CPU.ActiveCfg = Release|Any CPU
		{3A69858D-09B5-4F7B-809F-8611BEC23E16}.Release|Any CPU.Build.0 = Release|Any CPU
	EndGlobalSection
	GlobalSection(SolutionProperties) = preSolution
		HideSolutionNode = FALSE
	EndGlobalSection
	GlobalSection(ExtensibilityGlobals) = postSolution
		SolutionGuid = {B051546A-2754-4ECD-896A-DF106F78FBE0}
	EndGlobalSection
EndGlobal
